
Microsoft Visual Studio Solution File, Format Version 12.00
# Visual Studio Version 17
VisualStudioVersion = 17.14.36203.30 d17.14
MinimumVisualStudioVersion = 10.0.40219.1
Project("{FAE04EC0-301F-11D3-BF4B-00C04F79EFBC}") = "pra", "pra.csproj", "{F469AFD8-77C6-49DA-86DA-D2DF29B660F2}"
EndProject
Global
	GlobalSection(SolutionConfigurationPlatforms) = preSolution
		Debug|Any CPU = Debug|Any CPU
		Release|Any CPU = Release|Any CPU
	EndGlobalSection
	GlobalSection(ProjectConfigurationPlatforms) = postSolution
		{F469AFD8-77C6-49DA-86DA-D2DF29B660F2}.Debug|Any CPU.ActiveCfg = Debug|Any CPU
		{F469AFD8-77C6-49DA-86DA-D2DF29B660F2}.Debug|Any CPU.Build.0 = Debug|Any CPU
		{F469AFD8-77C6-49DA-86DA-D2DF29B660F2}.Release|Any CPU.ActiveCfg = Release|Any CPU
		{F469AFD8-77C6-49DA-86DA-D2DF29B660F2}.Release|Any CPU.Build.0 = Release|Any CPU
	EndGlobalSection
	GlobalSection(SolutionProperties) = preSolution
		HideSolutionNode = FALSE
	EndGlobalSection
	GlobalSection(ExtensibilityGlobals) = postSolution
		SolutionGuid = {69BE61EF-A1CD-4560-8653-C4D0DAD6729E}
	EndGlobalSection
EndGlobal
